// !$*UTF8*$!
{
	archiveVersion = 1;
	classes = {
	};
	objectVersion = 46;
	objects = {

/* Begin PBXBuildFile section */
		30D5F1615FD6A6EA3217802E /* Pods_NumberJumbleTests.framework in Frameworks */ = {isa = PBXBuildFile; fileRef = 78D112BCE61D621939F71B5E /* Pods_NumberJumbleTests.framework */; settings = {ATTRIBUTES = (Weak, ); }; };
		C0117B0E1B40E46100B45FCD /* HelpViewController.swift in Sources */ = {isa = PBXBuildFile; fileRef = C0117B0D1B40E46100B45FCD /* HelpViewController.swift */; };
		C014AD4F1B23E90A00CFA102 /* EndViewController.swift in Sources */ = {isa = PBXBuildFile; fileRef = C014AD4E1B23E90A00CFA102 /* EndViewController.swift */; };
		C01EBB581B23C5FC006C4131 /* StartViewController.swift in Sources */ = {isa = PBXBuildFile; fileRef = C01EBB571B23C5FC006C4131 /* StartViewController.swift */; };
		C028BE3F1B4070E000F9F3FE /* ConfigureViewController.swift in Sources */ = {isa = PBXBuildFile; fileRef = C028BE3E1B4070E000F9F3FE /* ConfigureViewController.swift */; };
		C02F71D71A8C497600798A56 /* LevelSpec.swift in Sources */ = {isa = PBXBuildFile; fileRef = C02F71D61A8C497600798A56 /* LevelSpec.swift */; };
		C02F71DC1A8C4A3400798A56 /* Level.swift in Sources */ = {isa = PBXBuildFile; fileRef = C02F71DB1A8C4A3400798A56 /* Level.swift */; };
		C03F4E1C1B408E1300C02DD4 /* SecondsToTimeFormatter.swift in Sources */ = {isa = PBXBuildFile; fileRef = C03F4E1B1B408E1300C02DD4 /* SecondsToTimeFormatter.swift */; };
		C055E3A51A8C4BB00081BC63 /* Tile.swift in Sources */ = {isa = PBXBuildFile; fileRef = C055E3A41A8C4BB00081BC63 /* Tile.swift */; };
		C055E3A71A8C4FF50081BC63 /* Array2D.swift in Sources */ = {isa = PBXBuildFile; fileRef = C055E3A61A8C4FF50081BC63 /* Array2D.swift */; };
		C055E3A91A8C51570081BC63 /* Array2DSpec.swift in Sources */ = {isa = PBXBuildFile; fileRef = C055E3A81A8C51570081BC63 /* Array2DSpec.swift */; };
		C055E3AB1A8C55E00081BC63 /* TileSpec.swift in Sources */ = {isa = PBXBuildFile; fileRef = C055E3AA1A8C55E00081BC63 /* TileSpec.swift */; };
		C055E3AD1A8CD9C00081BC63 /* UIColorTestHelpers.swift in Sources */ = {isa = PBXBuildFile; fileRef = C055E3AC1A8CD9C00081BC63 /* UIColorTestHelpers.swift */; };
		C055E3AF1A8E96650081BC63 /* TileSprite.swift in Sources */ = {isa = PBXBuildFile; fileRef = C055E3AE1A8E96650081BC63 /* TileSprite.swift */; };
		C055E3B11A8E977E0081BC63 /* TileSpriteSpec.swift in Sources */ = {isa = PBXBuildFile; fileRef = C055E3B01A8E977E0081BC63 /* TileSpriteSpec.swift */; };
		C055E3B31A910EB20081BC63 /* GridLayer.swift in Sources */ = {isa = PBXBuildFile; fileRef = C055E3B21A910EB20081BC63 /* GridLayer.swift */; };
		C055E3B61A91285A0081BC63 /* GameViewControllerSpec.swift in Sources */ = {isa = PBXBuildFile; fileRef = C055E3B51A91285A0081BC63 /* GameViewControllerSpec.swift */; };
		C06EA4661A8A8DB000977F03 /* AppDelegate.swift in Sources */ = {isa = PBXBuildFile; fileRef = C06EA4651A8A8DB000977F03 /* AppDelegate.swift */; };
		C06EA46A1A8A8DB000977F03 /* GameScene.swift in Sources */ = {isa = PBXBuildFile; fileRef = C06EA4691A8A8DB000977F03 /* GameScene.swift */; };
		C06EA46C1A8A8DB000977F03 /* GameViewController.swift in Sources */ = {isa = PBXBuildFile; fileRef = C06EA46B1A8A8DB000977F03 /* GameViewController.swift */; };
		C06EA46F1A8A8DB000977F03 /* Main.storyboard in Resources */ = {isa = PBXBuildFile; fileRef = C06EA46D1A8A8DB000977F03 /* Main.storyboard */; };
		C06EA4711A8A8DB000977F03 /* Images.xcassets in Resources */ = {isa = PBXBuildFile; fileRef = C06EA4701A8A8DB000977F03 /* Images.xcassets */; };
		C06EA4741A8A8DB000977F03 /* LaunchScreen.xib in Resources */ = {isa = PBXBuildFile; fileRef = C06EA4721A8A8DB000977F03 /* LaunchScreen.xib */; };
		C07833331B40807400A5DFD1 /* ConfigureViewControllerSpec.swift in Sources */ = {isa = PBXBuildFile; fileRef = C07833321B40807400A5DFD1 /* ConfigureViewControllerSpec.swift */; };
		C0A9FD0B1B2F073700438F94 /* EndViewControllerSpec.swift in Sources */ = {isa = PBXBuildFile; fileRef = C0A9FD0A1B2F073700438F94 /* EndViewControllerSpec.swift */; };
		C0AF7E9C1A8AE89D00E21313 /* GameSceneSpec.swift in Sources */ = {isa = PBXBuildFile; fileRef = C0AF7E9B1A8AE89D00E21313 /* GameSceneSpec.swift */; };
		C0E23D2D1B2F393B0057831F /* StartViewControllerSpec.swift in Sources */ = {isa = PBXBuildFile; fileRef = C0E23D2C1B2F393B0057831F /* StartViewControllerSpec.swift */; };
		FC23A5ADAA40C7A1FD89EFF9 /* Pods_NumberJumble.framework in Frameworks */ = {isa = PBXBuildFile; fileRef = 1D3E2AB73A8F9DF9A50124DC /* Pods_NumberJumble.framework */; settings = {ATTRIBUTES = (Weak, ); }; };
/* End PBXBuildFile section */

/* Begin PBXContainerItemProxy section */
		C06EA47A1A8A8DB000977F03 /* PBXContainerItemProxy */ = {
			isa = PBXContainerItemProxy;
			containerPortal = C06EA4581A8A8DB000977F03 /* Project object */;
			proxyType = 1;
			remoteGlobalIDString = C06EA45F1A8A8DB000977F03;
			remoteInfo = NumberJumble;
		};
/* End PBXContainerItemProxy section */

/* Begin PBXFileReference section */
		00520348CB9331D8CEE316D7 /* Pods-NumberJumbleTests.debug.xcconfig */ = {isa = PBXFileReference; includeInIndex = 1; lastKnownFileType = text.xcconfig; name = "Pods-NumberJumbleTests.debug.xcconfig"; path = "Pods/Target Support Files/Pods-NumberJumbleTests/Pods-NumberJumbleTests.debug.xcconfig"; sourceTree = "<group>"; };
		1D3E2AB73A8F9DF9A50124DC /* Pods_NumberJumble.framework */ = {isa = PBXFileReference; explicitFileType = wrapper.framework; includeInIndex = 0; path = Pods_NumberJumble.framework; sourceTree = BUILT_PRODUCTS_DIR; };
		695DA6DCE39F779F0635ECC1 /* Pods-NumberJumble.debug.xcconfig */ = {isa = PBXFileReference; includeInIndex = 1; lastKnownFileType = text.xcconfig; name = "Pods-NumberJumble.debug.xcconfig"; path = "Pods/Target Support Files/Pods-NumberJumble/Pods-NumberJumble.debug.xcconfig"; sourceTree = "<group>"; };
		78D112BCE61D621939F71B5E /* Pods_NumberJumbleTests.framework */ = {isa = PBXFileReference; explicitFileType = wrapper.framework; includeInIndex = 0; path = Pods_NumberJumbleTests.framework; sourceTree = BUILT_PRODUCTS_DIR; };
		8E7D0B664FB90D2BE8E672E7 /* Pods-NumberJumbleTests.release.xcconfig */ = {isa = PBXFileReference; includeInIndex = 1; lastKnownFileType = text.xcconfig; name = "Pods-NumberJumbleTests.release.xcconfig"; path = "Pods/Target Support Files/Pods-NumberJumbleTests/Pods-NumberJumbleTests.release.xcconfig"; sourceTree = "<group>"; };
		C0117B0D1B40E46100B45FCD /* HelpViewController.swift */ = {isa = PBXFileReference; fileEncoding = 4; lastKnownFileType = sourcecode.swift; path = HelpViewController.swift; sourceTree = "<group>"; };
		C014AD4E1B23E90A00CFA102 /* EndViewController.swift */ = {isa = PBXFileReference; fileEncoding = 4; lastKnownFileType = sourcecode.swift; path = EndViewController.swift; sourceTree = "<group>"; };
		C01EBB571B23C5FC006C4131 /* StartViewController.swift */ = {isa = PBXFileReference; fileEncoding = 4; lastKnownFileType = sourcecode.swift; path = StartViewController.swift; sourceTree = "<group>"; };
		C028BE3E1B4070E000F9F3FE /* ConfigureViewController.swift */ = {isa = PBXFileReference; fileEncoding = 4; lastKnownFileType = sourcecode.swift; path = ConfigureViewController.swift; sourceTree = "<group>"; };
		C02F71D61A8C497600798A56 /* LevelSpec.swift */ = {isa = PBXFileReference; fileEncoding = 4; lastKnownFileType = sourcecode.swift; path = LevelSpec.swift; sourceTree = "<group>"; };
		C02F71DB1A8C4A3400798A56 /* Level.swift */ = {isa = PBXFileReference; fileEncoding = 4; lastKnownFileType = sourcecode.swift; path = Level.swift; sourceTree = "<group>"; };
		C03F4E1B1B408E1300C02DD4 /* SecondsToTimeFormatter.swift */ = {isa = PBXFileReference; fileEncoding = 4; lastKnownFileType = sourcecode.swift; path = SecondsToTimeFormatter.swift; sourceTree = "<group>"; };
		C055E3A41A8C4BB00081BC63 /* Tile.swift */ = {isa = PBXFileReference; fileEncoding = 4; lastKnownFileType = sourcecode.swift; path = Tile.swift; sourceTree = "<group>"; };
		C055E3A61A8C4FF50081BC63 /* Array2D.swift */ = {isa = PBXFileReference; fileEncoding = 4; lastKnownFileType = sourcecode.swift; path = Array2D.swift; sourceTree = "<group>"; };
		C055E3A81A8C51570081BC63 /* Array2DSpec.swift */ = {isa = PBXFileReference; fileEncoding = 4; lastKnownFileType = sourcecode.swift; path = Array2DSpec.swift; sourceTree = "<group>"; };
		C055E3AA1A8C55E00081BC63 /* TileSpec.swift */ = {isa = PBXFileReference; fileEncoding = 4; lastKnownFileType = sourcecode.swift; path = TileSpec.swift; sourceTree = "<group>"; };
		C055E3AC1A8CD9C00081BC63 /* UIColorTestHelpers.swift */ = {isa = PBXFileReference; fileEncoding = 4; lastKnownFileType = sourcecode.swift; path = UIColorTestHelpers.swift; sourceTree = "<group>"; };
		C055E3AE1A8E96650081BC63 /* TileSprite.swift */ = {isa = PBXFileReference; fileEncoding = 4; lastKnownFileType = sourcecode.swift; path = TileSprite.swift; sourceTree = "<group>"; };
		C055E3B01A8E977E0081BC63 /* TileSpriteSpec.swift */ = {isa = PBXFileReference; fileEncoding = 4; lastKnownFileType = sourcecode.swift; path = TileSpriteSpec.swift; sourceTree = "<group>"; };
		C055E3B21A910EB20081BC63 /* GridLayer.swift */ = {isa = PBXFileReference; fileEncoding = 4; lastKnownFileType = sourcecode.swift; path = GridLayer.swift; sourceTree = "<group>"; };
		C055E3B41A9115D50081BC63 /* Playground.playground */ = {isa = PBXFileReference; lastKnownFileType = file.playground; name = Playground.playground; path = NumberJumble/Playground.playground; sourceTree = "<group>"; };
		C055E3B51A91285A0081BC63 /* GameViewControllerSpec.swift */ = {isa = PBXFileReference; fileEncoding = 4; lastKnownFileType = sourcecode.swift; path = GameViewControllerSpec.swift; sourceTree = "<group>"; };
		C06EA4601A8A8DB000977F03 /* NumberJumble.app */ = {isa = PBXFileReference; explicitFileType = wrapper.application; includeInIndex = 0; path = NumberJumble.app; sourceTree = BUILT_PRODUCTS_DIR; };
		C06EA4641A8A8DB000977F03 /* Info.plist */ = {isa = PBXFileReference; lastKnownFileType = text.plist.xml; path = Info.plist; sourceTree = "<group>"; };
		C06EA4651A8A8DB000977F03 /* AppDelegate.swift */ = {isa = PBXFileReference; lastKnownFileType = sourcecode.swift; path = AppDelegate.swift; sourceTree = "<group>"; };
		C06EA4691A8A8DB000977F03 /* GameScene.swift */ = {isa = PBXFileReference; lastKnownFileType = sourcecode.swift; path = GameScene.swift; sourceTree = "<group>"; };
		C06EA46B1A8A8DB000977F03 /* GameViewController.swift */ = {isa = PBXFileReference; lastKnownFileType = sourcecode.swift; path = GameViewController.swift; sourceTree = "<group>"; };
		C06EA46E1A8A8DB000977F03 /* Base */ = {isa = PBXFileReference; lastKnownFileType = file.storyboard; name = Base; path = Base.lproj/Main.storyboard; sourceTree = "<group>"; };
		C06EA4701A8A8DB000977F03 /* Images.xcassets */ = {isa = PBXFileReference; lastKnownFileType = folder.assetcatalog; path = Images.xcassets; sourceTree = "<group>"; };
		C06EA4731A8A8DB000977F03 /* Base */ = {isa = PBXFileReference; lastKnownFileType = file.xib; name = Base; path = Base.lproj/LaunchScreen.xib; sourceTree = "<group>"; };
		C06EA4791A8A8DB000977F03 /* NumberJumbleTests.xctest */ = {isa = PBXFileReference; explicitFileType = wrapper.cfbundle; includeInIndex = 0; path = NumberJumbleTests.xctest; sourceTree = BUILT_PRODUCTS_DIR; };
		C06EA47E1A8A8DB000977F03 /* Info.plist */ = {isa = PBXFileReference; lastKnownFileType = text.plist.xml; path = Info.plist; sourceTree = "<group>"; };
		C07833321B40807400A5DFD1 /* ConfigureViewControllerSpec.swift */ = {isa = PBXFileReference; fileEncoding = 4; lastKnownFileType = sourcecode.swift; path = ConfigureViewControllerSpec.swift; sourceTree = "<group>"; };
		C0A9FD0A1B2F073700438F94 /* EndViewControllerSpec.swift */ = {isa = PBXFileReference; fileEncoding = 4; lastKnownFileType = sourcecode.swift; path = EndViewControllerSpec.swift; sourceTree = "<group>"; };
		C0AF7E9B1A8AE89D00E21313 /* GameSceneSpec.swift */ = {isa = PBXFileReference; fileEncoding = 4; lastKnownFileType = sourcecode.swift; path = GameSceneSpec.swift; sourceTree = "<group>"; };
		C0E23D2C1B2F393B0057831F /* StartViewControllerSpec.swift */ = {isa = PBXFileReference; fileEncoding = 4; lastKnownFileType = sourcecode.swift; path = StartViewControllerSpec.swift; sourceTree = "<group>"; };
		E092579E01B623F46DFAC72F /* Pods-NumberJumble.release.xcconfig */ = {isa = PBXFileReference; includeInIndex = 1; lastKnownFileType = text.xcconfig; name = "Pods-NumberJumble.release.xcconfig"; path = "Pods/Target Support Files/Pods-NumberJumble/Pods-NumberJumble.release.xcconfig"; sourceTree = "<group>"; };
/* End PBXFileReference section */

/* Begin PBXFrameworksBuildPhase section */
		C06EA45D1A8A8DB000977F03 /* Frameworks */ = {
			isa = PBXFrameworksBuildPhase;
			buildActionMask = 2147483647;
			files = (
				FC23A5ADAA40C7A1FD89EFF9 /* Pods_NumberJumble.framework in Frameworks */,
			);
			runOnlyForDeploymentPostprocessing = 0;
		};
		C06EA4761A8A8DB000977F03 /* Frameworks */ = {
			isa = PBXFrameworksBuildPhase;
			buildActionMask = 2147483647;
			files = (
				30D5F1615FD6A6EA3217802E /* Pods_NumberJumbleTests.framework in Frameworks */,
			);
			runOnlyForDeploymentPostprocessing = 0;
		};
/* End PBXFrameworksBuildPhase section */

/* Begin PBXGroup section */
		2B4A970E61E006F305AF70E5 /* Pods */ = {
			isa = PBXGroup;
			children = (
				695DA6DCE39F779F0635ECC1 /* Pods-NumberJumble.debug.xcconfig */,
				E092579E01B623F46DFAC72F /* Pods-NumberJumble.release.xcconfig */,
				00520348CB9331D8CEE316D7 /* Pods-NumberJumbleTests.debug.xcconfig */,
				8E7D0B664FB90D2BE8E672E7 /* Pods-NumberJumbleTests.release.xcconfig */,
			);
			name = Pods;
			sourceTree = "<group>";
		};
		AA6488AE46325A8221FBDD69 /* Frameworks */ = {
			isa = PBXGroup;
			children = (
				78D112BCE61D621939F71B5E /* Pods_NumberJumbleTests.framework */,
				1D3E2AB73A8F9DF9A50124DC /* Pods_NumberJumble.framework */,
			);
			name = Frameworks;
			sourceTree = "<group>";
		};
		C06EA4571A8A8DB000977F03 = {
			isa = PBXGroup;
			children = (
				C055E3B41A9115D50081BC63 /* Playground.playground */,
				C06EA4621A8A8DB000977F03 /* NumberJumble */,
				C06EA47C1A8A8DB000977F03 /* NumberJumbleTests */,
				C06EA4611A8A8DB000977F03 /* Products */,
				2B4A970E61E006F305AF70E5 /* Pods */,
				AA6488AE46325A8221FBDD69 /* Frameworks */,
			);
			sourceTree = "<group>";
		};
		C06EA4611A8A8DB000977F03 /* Products */ = {
			isa = PBXGroup;
			children = (
				C06EA4601A8A8DB000977F03 /* NumberJumble.app */,
				C06EA4791A8A8DB000977F03 /* NumberJumbleTests.xctest */,
			);
			name = Products;
			sourceTree = "<group>";
		};
		C06EA4621A8A8DB000977F03 /* NumberJumble */ = {
			isa = PBXGroup;
			children = (
				C06EA4651A8A8DB000977F03 /* AppDelegate.swift */,
				C055E3A61A8C4FF50081BC63 /* Array2D.swift */,
				C06EA4691A8A8DB000977F03 /* GameScene.swift */,
				C06EA46B1A8A8DB000977F03 /* GameViewController.swift */,
				C055E3B21A910EB20081BC63 /* GridLayer.swift */,
				C06EA4701A8A8DB000977F03 /* Images.xcassets */,
				C06EA4721A8A8DB000977F03 /* LaunchScreen.xib */,
				C02F71DB1A8C4A3400798A56 /* Level.swift */,
				C06EA46D1A8A8DB000977F03 /* Main.storyboard */,
				C06EA4631A8A8DB000977F03 /* Supporting Files */,
				C055E3A41A8C4BB00081BC63 /* Tile.swift */,
				C055E3AE1A8E96650081BC63 /* TileSprite.swift */,
				C01EBB571B23C5FC006C4131 /* StartViewController.swift */,
				C014AD4E1B23E90A00CFA102 /* EndViewController.swift */,
				C028BE3E1B4070E000F9F3FE /* ConfigureViewController.swift */,
				C03F4E1B1B408E1300C02DD4 /* SecondsToTimeFormatter.swift */,
				C0117B0D1B40E46100B45FCD /* HelpViewController.swift */,
			);
			path = NumberJumble;
			sourceTree = "<group>";
		};
		C06EA4631A8A8DB000977F03 /* Supporting Files */ = {
			isa = PBXGroup;
			children = (
				C06EA4641A8A8DB000977F03 /* Info.plist */,
			);
			name = "Supporting Files";
			sourceTree = "<group>";
		};
		C06EA47C1A8A8DB000977F03 /* NumberJumbleTests */ = {
			isa = PBXGroup;
			children = (
				C055E3A81A8C51570081BC63 /* Array2DSpec.swift */,
				C0A9FD0A1B2F073700438F94 /* EndViewControllerSpec.swift */,
				C0AF7E9B1A8AE89D00E21313 /* GameSceneSpec.swift */,
				C02F71D61A8C497600798A56 /* LevelSpec.swift */,
				C06EA47D1A8A8DB000977F03 /* Supporting Files */,
				C055E3AA1A8C55E00081BC63 /* TileSpec.swift */,
				C055E3B01A8E977E0081BC63 /* TileSpriteSpec.swift */,
				C055E3AC1A8CD9C00081BC63 /* UIColorTestHelpers.swift */,
				C055E3B51A91285A0081BC63 /* GameViewControllerSpec.swift */,
				C0E23D2C1B2F393B0057831F /* StartViewControllerSpec.swift */,
				C07833321B40807400A5DFD1 /* ConfigureViewControllerSpec.swift */,
			);
			path = NumberJumbleTests;
			sourceTree = "<group>";
		};
		C06EA47D1A8A8DB000977F03 /* Supporting Files */ = {
			isa = PBXGroup;
			children = (
				C06EA47E1A8A8DB000977F03 /* Info.plist */,
			);
			name = "Supporting Files";
			sourceTree = "<group>";
		};
/* End PBXGroup section */

/* Begin PBXNativeTarget section */
		C06EA45F1A8A8DB000977F03 /* NumberJumble */ = {
			isa = PBXNativeTarget;
			buildConfigurationList = C06EA4831A8A8DB000977F03 /* Build configuration list for PBXNativeTarget "NumberJumble" */;
			buildPhases = (
				BC5EBE44F2EB0042E8D0E6AF /* Check Pods Manifest.lock */,
				C06EA45C1A8A8DB000977F03 /* Sources */,
				C06EA45D1A8A8DB000977F03 /* Frameworks */,
				C06EA45E1A8A8DB000977F03 /* Resources */,
				50EA185FFC700D17976C8E5A /* Copy Pods Resources */,
				39435A479AE0C8F145BD0EF8 /* Embed Pods Frameworks */,
			);
			buildRules = (
			);
			dependencies = (
			);
			name = NumberJumble;
			productName = NumberJumble;
			productReference = C06EA4601A8A8DB000977F03 /* NumberJumble.app */;
			productType = "com.apple.product-type.application";
		};
		C06EA4781A8A8DB000977F03 /* NumberJumbleTests */ = {
			isa = PBXNativeTarget;
			buildConfigurationList = C06EA4861A8A8DB000977F03 /* Build configuration list for PBXNativeTarget "NumberJumbleTests" */;
			buildPhases = (
				D41E263E6FBE8A06F455503D /* Check Pods Manifest.lock */,
				C06EA4751A8A8DB000977F03 /* Sources */,
				C06EA4761A8A8DB000977F03 /* Frameworks */,
				C06EA4771A8A8DB000977F03 /* Resources */,
				CB60B904B1AFF8114692A284 /* Embed Pods Frameworks */,
				A88614CF1C370700486EFA4A /* Copy Pods Resources */,
			);
			buildRules = (
			);
			dependencies = (
				C06EA47B1A8A8DB000977F03 /* PBXTargetDependency */,
			);
			name = NumberJumbleTests;
			productName = NumberJumbleTests;
			productReference = C06EA4791A8A8DB000977F03 /* NumberJumbleTests.xctest */;
			productType = "com.apple.product-type.bundle.unit-test";
		};
/* End PBXNativeTarget section */

/* Begin PBXProject section */
		C06EA4581A8A8DB000977F03 /* Project object */ = {
			isa = PBXProject;
			attributes = {
				LastUpgradeCheck = 0610;
				ORGANIZATIONNAME = "Remington Davenport";
				TargetAttributes = {
					C06EA45F1A8A8DB000977F03 = {
						CreatedOnToolsVersion = 6.1.1;
						DevelopmentTeam = V2258K82UA;
					};
					C06EA4781A8A8DB000977F03 = {
						CreatedOnToolsVersion = 6.1.1;
						TestTargetID = C06EA45F1A8A8DB000977F03;
					};
				};
			};
			buildConfigurationList = C06EA45B1A8A8DB000977F03 /* Build configuration list for PBXProject "NumberJumble" */;
			compatibilityVersion = "Xcode 3.2";
			developmentRegion = English;
			hasScannedForEncodings = 0;
			knownRegions = (
				en,
				Base,
			);
			mainGroup = C06EA4571A8A8DB000977F03;
			productRefGroup = C06EA4611A8A8DB000977F03 /* Products */;
			projectDirPath = "";
			projectRoot = "";
			targets = (
				C06EA45F1A8A8DB000977F03 /* NumberJumble */,
				C06EA4781A8A8DB000977F03 /* NumberJumbleTests */,
			);
		};
/* End PBXProject section */

/* Begin PBXResourcesBuildPhase section */
		C06EA45E1A8A8DB000977F03 /* Resources */ = {
			isa = PBXResourcesBuildPhase;
			buildActionMask = 2147483647;
			files = (
				C06EA4741A8A8DB000977F03 /* LaunchScreen.xib in Resources */,
				C06EA4711A8A8DB000977F03 /* Images.xcassets in Resources */,
				C06EA46F1A8A8DB000977F03 /* Main.storyboard in Resources */,
			);
			runOnlyForDeploymentPostprocessing = 0;
		};
		C06EA4771A8A8DB000977F03 /* Resources */ = {
			isa = PBXResourcesBuildPhase;
			buildActionMask = 2147483647;
			files = (
			);
			runOnlyForDeploymentPostprocessing = 0;
		};
/* End PBXResourcesBuildPhase section */

/* Begin PBXShellScriptBuildPhase section */
		39435A479AE0C8F145BD0EF8 /* Embed Pods Frameworks */ = {
			isa = PBXShellScriptBuildPhase;
			buildActionMask = 2147483647;
			files = (
			);
			inputPaths = (
			);
			name = "Embed Pods Frameworks";
			outputPaths = (
			);
			runOnlyForDeploymentPostprocessing = 0;
			shellPath = /bin/sh;
			shellScript = "\"${SRCROOT}/Pods/Target Support Files/Pods-NumberJumble/Pods-NumberJumble-frameworks.sh\"\n";
			showEnvVarsInLog = 0;
		};
		50EA185FFC700D17976C8E5A /* Copy Pods Resources */ = {
			isa = PBXShellScriptBuildPhase;
			buildActionMask = 2147483647;
			files = (
			);
			inputPaths = (
			);
			name = "Copy Pods Resources";
			outputPaths = (
			);
			runOnlyForDeploymentPostprocessing = 0;
			shellPath = /bin/sh;
			shellScript = "\"${SRCROOT}/Pods/Target Support Files/Pods-NumberJumble/Pods-NumberJumble-resources.sh\"\n";
			showEnvVarsInLog = 0;
		};
		A88614CF1C370700486EFA4A /* Copy Pods Resources */ = {
			isa = PBXShellScriptBuildPhase;
			buildActionMask = 2147483647;
			files = (
			);
			inputPaths = (
			);
			name = "Copy Pods Resources";
			outputPaths = (
			);
			runOnlyForDeploymentPostprocessing = 0;
			shellPath = /bin/sh;
			shellScript = "\"${SRCROOT}/Pods/Target Support Files/Pods-NumberJumbleTests/Pods-NumberJumbleTests-resources.sh\"\n";
			showEnvVarsInLog = 0;
		};
		BC5EBE44F2EB0042E8D0E6AF /* Check Pods Manifest.lock */ = {
			isa = PBXShellScriptBuildPhase;
			buildActionMask = 2147483647;
			files = (
			);
			inputPaths = (
			);
			name = "Check Pods Manifest.lock";
			outputPaths = (
			);
			runOnlyForDeploymentPostprocessing = 0;
			shellPath = /bin/sh;
			shellScript = "diff \"${PODS_ROOT}/../Podfile.lock\" \"${PODS_ROOT}/Manifest.lock\" > /dev/null\nif [[ $? != 0 ]] ; then\n    cat << EOM\nerror: The sandbox is not in sync with the Podfile.lock. Run 'pod install' or update your CocoaPods installation.\nEOM\n    exit 1\nfi\n";
			showEnvVarsInLog = 0;
		};
		CB60B904B1AFF8114692A284 /* Embed Pods Frameworks */ = {
			isa = PBXShellScriptBuildPhase;
			buildActionMask = 2147483647;
			files = (
			);
			inputPaths = (
			);
			name = "Embed Pods Frameworks";
			outputPaths = (
			);
			runOnlyForDeploymentPostprocessing = 0;
			shellPath = /bin/sh;
			shellScript = "\"${SRCROOT}/Pods/Target Support Files/Pods-NumberJumbleTests/Pods-NumberJumbleTests-frameworks.sh\"\n";
			showEnvVarsInLog = 0;
		};
		D41E263E6FBE8A06F455503D /* Check Pods Manifest.lock */ = {
			isa = PBXShellScriptBuildPhase;
			buildActionMask = 2147483647;
			files = (
			);
			inputPaths = (
			);
			name = "Check Pods Manifest.lock";
			outputPaths = (
			);
			runOnlyForDeploymentPostprocessing = 0;
			shellPath = /bin/sh;
			shellScript = "diff \"${PODS_ROOT}/../Podfile.lock\" \"${PODS_ROOT}/Manifest.lock\" > /dev/null\nif [[ $? != 0 ]] ; then\n    cat << EOM\nerror: The sandbox is not in sync with the Podfile.lock. Run 'pod install' or update your CocoaPods installation.\nEOM\n    exit 1\nfi\n";
			showEnvVarsInLog = 0;
		};
/* End PBXShellScriptBuildPhase section */

/* Begin PBXSourcesBuildPhase section */
		C06EA45C1A8A8DB000977F03 /* Sources */ = {
			isa = PBXSourcesBuildPhase;
			buildActionMask = 2147483647;
			files = (
				C028BE3F1B4070E000F9F3FE /* ConfigureViewController.swift in Sources */,
				C055E3AF1A8E96650081BC63 /* TileSprite.swift in Sources */,
				C06EA46A1A8A8DB000977F03 /* GameScene.swift in Sources */,
				C0117B0E1B40E46100B45FCD /* HelpViewController.swift in Sources */,
				C055E3A71A8C4FF50081BC63 /* Array2D.swift in Sources */,
				C03F4E1C1B408E1300C02DD4 /* SecondsToTimeFormatter.swift in Sources */,
				C06EA46C1A8A8DB000977F03 /* GameViewController.swift in Sources */,
				C055E3A51A8C4BB00081BC63 /* Tile.swift in Sources */,
				C01EBB581B23C5FC006C4131 /* StartViewController.swift in Sources */,
				C014AD4F1B23E90A00CFA102 /* EndViewController.swift in Sources */,
				C055E3B31A910EB20081BC63 /* GridLayer.swift in Sources */,
				C02F71DC1A8C4A3400798A56 /* Level.swift in Sources */,
				C06EA4661A8A8DB000977F03 /* AppDelegate.swift in Sources */,
			);
			runOnlyForDeploymentPostprocessing = 0;
		};
		C06EA4751A8A8DB000977F03 /* Sources */ = {
			isa = PBXSourcesBuildPhase;
			buildActionMask = 2147483647;
			files = (
				C055E3A91A8C51570081BC63 /* Array2DSpec.swift in Sources */,
				C07833331B40807400A5DFD1 /* ConfigureViewControllerSpec.swift in Sources */,
				C0AF7E9C1A8AE89D00E21313 /* GameSceneSpec.swift in Sources */,
				C055E3AD1A8CD9C00081BC63 /* UIColorTestHelpers.swift in Sources */,
				C055E3AB1A8C55E00081BC63 /* TileSpec.swift in Sources */,
				C02F71D71A8C497600798A56 /* LevelSpec.swift in Sources */,
				C0E23D2D1B2F393B0057831F /* StartViewControllerSpec.swift in Sources */,
				C055E3B61A91285A0081BC63 /* GameViewControllerSpec.swift in Sources */,
				C055E3B11A8E977E0081BC63 /* TileSpriteSpec.swift in Sources */,
				C0A9FD0B1B2F073700438F94 /* EndViewControllerSpec.swift in Sources */,
			);
			runOnlyForDeploymentPostprocessing = 0;
		};
/* End PBXSourcesBuildPhase section */

/* Begin PBXTargetDependency section */
		C06EA47B1A8A8DB000977F03 /* PBXTargetDependency */ = {
			isa = PBXTargetDependency;
			target = C06EA45F1A8A8DB000977F03 /* NumberJumble */;
			targetProxy = C06EA47A1A8A8DB000977F03 /* PBXContainerItemProxy */;
		};
/* End PBXTargetDependency section */

/* Begin PBXVariantGroup section */
		C06EA46D1A8A8DB000977F03 /* Main.storyboard */ = {
			isa = PBXVariantGroup;
			children = (
				C06EA46E1A8A8DB000977F03 /* Base */,
			);
			name = Main.storyboard;
			sourceTree = "<group>";
		};
		C06EA4721A8A8DB000977F03 /* LaunchScreen.xib */ = {
			isa = PBXVariantGroup;
			children = (
				C06EA4731A8A8DB000977F03 /* Base */,
			);
			name = LaunchScreen.xib;
			sourceTree = "<group>";
		};
/* End PBXVariantGroup section */

/* Begin XCBuildConfiguration section */
		C06EA4811A8A8DB000977F03 /* Debug */ = {
			isa = XCBuildConfiguration;
			buildSettings = {
				ALWAYS_SEARCH_USER_PATHS = NO;
				CLANG_CXX_LANGUAGE_STANDARD = "gnu++0x";
				CLANG_CXX_LIBRARY = "libc++";
				CLANG_ENABLE_MODULES = YES;
				CLANG_ENABLE_OBJC_ARC = YES;
				CLANG_WARN_BOOL_CONVERSION = YES;
				CLANG_WARN_CONSTANT_CONVERSION = YES;
				CLANG_WARN_DIRECT_OBJC_ISA_USAGE = YES_ERROR;
				CLANG_WARN_EMPTY_BODY = YES;
				CLANG_WARN_ENUM_CONVERSION = YES;
				CLANG_WARN_INT_CONVERSION = YES;
				CLANG_WARN_OBJC_ROOT_CLASS = YES_ERROR;
				CLANG_WARN_UNREACHABLE_CODE = YES;
				CLANG_WARN__DUPLICATE_METHOD_MATCH = YES;
				"CODE_SIGN_IDENTITY[sdk=iphoneos*]" = "iPhone Developer";
				COPY_PHASE_STRIP = NO;
				ENABLE_STRICT_OBJC_MSGSEND = YES;
				GCC_C_LANGUAGE_STANDARD = gnu99;
				GCC_DYNAMIC_NO_PIC = NO;
				GCC_OPTIMIZATION_LEVEL = 0;
				GCC_PREPROCESSOR_DEFINITIONS = (
					"DEBUG=1",
					"$(inherited)",
				);
				GCC_SYMBOLS_PRIVATE_EXTERN = NO;
				GCC_WARN_64_TO_32_BIT_CONVERSION = YES;
				GCC_WARN_ABOUT_RETURN_TYPE = YES_ERROR;
				GCC_WARN_UNDECLARED_SELECTOR = YES;
				GCC_WARN_UNINITIALIZED_AUTOS = YES_AGGRESSIVE;
				GCC_WARN_UNUSED_FUNCTION = YES;
				GCC_WARN_UNUSED_VARIABLE = YES;
				IPHONEOS_DEPLOYMENT_TARGET = 8.1;
				MTL_ENABLE_DEBUG_INFO = YES;
				ONLY_ACTIVE_ARCH = YES;
				SDKROOT = iphoneos;
				SWIFT_OPTIMIZATION_LEVEL = "-Onone";
				TARGETED_DEVICE_FAMILY = 2;
			};
			name = Debug;
		};
		C06EA4821A8A8DB000977F03 /* Release */ = {
			isa = XCBuildConfiguration;
			buildSettings = {
				ALWAYS_SEARCH_USER_PATHS = NO;
				CLANG_CXX_LANGUAGE_STANDARD = "gnu++0x";
				CLANG_CXX_LIBRARY = "libc++";
				CLANG_ENABLE_MODULES = YES;
				CLANG_ENABLE_OBJC_ARC = YES;
				CLANG_WARN_BOOL_CONVERSION = YES;
				CLANG_WARN_CONSTANT_CONVERSION = YES;
				CLANG_WARN_DIRECT_OBJC_ISA_USAGE = YES_ERROR;
				CLANG_WARN_EMPTY_BODY = YES;
				CLANG_WARN_ENUM_CONVERSION = YES;
				CLANG_WARN_INT_CONVERSION = YES;
				CLANG_WARN_OBJC_ROOT_CLASS = YES_ERROR;
				CLANG_WARN_UNREACHABLE_CODE = YES;
				CLANG_WARN__DUPLICATE_METHOD_MATCH = YES;
				"CODE_SIGN_IDENTITY[sdk=iphoneos*]" = "iPhone Developer";
				COPY_PHASE_STRIP = YES;
				ENABLE_NS_ASSERTIONS = NO;
				ENABLE_STRICT_OBJC_MSGSEND = YES;
				GCC_C_LANGUAGE_STANDARD = gnu99;
				GCC_WARN_64_TO_32_BIT_CONVERSION = YES;
				GCC_WARN_ABOUT_RETURN_TYPE = YES_ERROR;
				GCC_WARN_UNDECLARED_SELECTOR = YES;
				GCC_WARN_UNINITIALIZED_AUTOS = YES_AGGRESSIVE;
				GCC_WARN_UNUSED_FUNCTION = YES;
				GCC_WARN_UNUSED_VARIABLE = YES;
				IPHONEOS_DEPLOYMENT_TARGET = 8.1;
				MTL_ENABLE_DEBUG_INFO = NO;
				SDKROOT = iphoneos;
				TARGETED_DEVICE_FAMILY = 2;
				VALIDATE_PRODUCT = YES;
			};
			name = Release;
		};
		C06EA4841A8A8DB000977F03 /* Debug */ = {
			isa = XCBuildConfiguration;
			baseConfigurationReference = 695DA6DCE39F779F0635ECC1 /* Pods-NumberJumble.debug.xcconfig */;
			buildSettings = {
				ASSETCATALOG_COMPILER_APPICON_NAME = AppIcon;
				CODE_SIGN_IDENTITY = "iPhone Developer";
				"CODE_SIGN_IDENTITY[sdk=iphoneos*]" = "iPhone Developer";
				INFOPLIST_FILE = NumberJumble/Info.plist;
				LD_RUNPATH_SEARCH_PATHS = "$(inherited) @executable_path/Frameworks";
				PRODUCT_NAME = "$(TARGET_NAME)";
				PROVISIONING_PROFILE = "";
			};
			name = Debug;
		};
		C06EA4851A8A8DB000977F03 /* Release */ = {
			isa = XCBuildConfiguration;
			baseConfigurationReference = E092579E01B623F46DFAC72F /* Pods-NumberJumble.release.xcconfig */;
			buildSettings = {
				ASSETCATALOG_COMPILER_APPICON_NAME = AppIcon;
				CODE_SIGN_IDENTITY = "iPhone Developer";
				"CODE_SIGN_IDENTITY[sdk=iphoneos*]" = "iPhone Developer";
				INFOPLIST_FILE = NumberJumble/Info.plist;
				LD_RUNPATH_SEARCH_PATHS = "$(inherited) @executable_path/Frameworks";
				PRODUCT_NAME = "$(TARGET_NAME)";
				PROVISIONING_PROFILE = "";
			};
			name = Release;
		};
		C06EA4871A8A8DB000977F03 /* Debug */ = {
			isa = XCBuildConfiguration;
			baseConfigurationReference = 00520348CB9331D8CEE316D7 /* Pods-NumberJumbleTests.debug.xcconfig */;
			buildSettings = {
				BUNDLE_LOADER = "$(TEST_HOST)";
				CLANG_ENABLE_MODULES = YES;
				FRAMEWORK_SEARCH_PATHS = (
					"$(SDKROOT)/Developer/Library/Frameworks",
					"$(inherited)",
				);
				GCC_PREPROCESSOR_DEFINITIONS = (
					"DEBUG=1",
					"$(inherited)",
				);
				INFOPLIST_FILE = NumberJumbleTests/Info.plist;
				LD_RUNPATH_SEARCH_PATHS = "$(inherited) @executable_path/Frameworks @loader_path/Frameworks";
				PRODUCT_NAME = "$(TARGET_NAME)";
				SWIFT_OPTIMIZATION_LEVEL = "-Onone";
				TEST_HOST = "$(BUILT_PRODUCTS_DIR)/NumberJumble.app/NumberJumble";
			};
			name = Debug;
		};
		C06EA4881A8A8DB000977F03 /* Release */ = {
			isa = XCBuildConfiguration;
			baseConfigurationReference = 8E7D0B664FB90D2BE8E672E7 /* Pods-NumberJumbleTests.release.xcconfig */;
			buildSettings = {
				BUNDLE_LOADER = "$(TEST_HOST)";
				CLANG_ENABLE_MODULES = YES;
				FRAMEWORK_SEARCH_PATHS = (
					"$(SDKROOT)/Developer/Library/Frameworks",
					"$(inherited)",
				);
				INFOPLIST_FILE = NumberJumbleTests/Info.plist;
				LD_RUNPATH_SEARCH_PATHS = "$(inherited) @executable_path/Frameworks @loader_path/Frameworks";
				PRODUCT_NAME = "$(TARGET_NAME)";
				TEST_HOST = "$(BUILT_PRODUCTS_DIR)/NumberJumble.app/NumberJumble";
			};
			name = Release;
		};
/* End XCBuildConfiguration section */

/* Begin XCConfigurationList section */
		C06EA45B1A8A8DB000977F03 /* Build configuration list for PBXProject "NumberJumble" */ = {
			isa = XCConfigurationList;
			buildConfigurations = (
				C06EA4811A8A8DB000977F03 /* Debug */,
				C06EA4821A8A8DB000977F03 /* Release */,
			);
			defaultConfigurationIsVisible = 0;
			defaultConfigurationName = Release;
		};
		C06EA4831A8A8DB000977F03 /* Build configuration list for PBXNativeTarget "NumberJumble" */ = {
			isa = XCConfigurationList;
			buildConfigurations = (
				C06EA4841A8A8DB000977F03 /* Debug */,
				C06EA4851A8A8DB000977F03 /* Release */,
			);
			defaultConfigurationIsVisible = 0;
			defaultConfigurationName = Release;
		};
		C06EA4861A8A8DB000977F03 /* Build configuration list for PBXNativeTarget "NumberJumbleTests" */ = {
			isa = XCConfigurationList;
			buildConfigurations = (
				C06EA4871A8A8DB000977F03 /* Debug */,
				C06EA4881A8A8DB000977F03 /* Release */,
			);
			defaultConfigurationIsVisible = 0;
			defaultConfigurationName = Release;
		};
/* End XCConfigurationList section */
	};
	rootObject = C06EA4581A8A8DB000977F03 /* Project object */;
}
